PS D:\65315628\devops_quiz> terraform apply

Terraform used the selected providers to generate the following execution plan. Resource actions are indicated with the following symbols:
  + create

Terraform will perform the following actions:

  # docker_container.node_container will be created
  + resource "docker_container" "node_container" {
      + attach                                      = false
      + bridge                                      = (known after apply)
      + command                                     = (known after apply)
      + container_logs                              = (known after apply)
      + container_read_refresh_timeout_milliseconds = 15000
      + entrypoint                                  = (known after apply)
      + env                                         = [
          + "NODE_ENV=production",
        ]
      + exit_code                                   = (known after apply)
      + hostname                                    = (known after apply)
      + id                                          = (known after apply)
      + image                                       = (known after apply)
      + init                                        = (known after apply)
      + ipc_mode                                    = (known after apply)
      + log_driver                                  = (known after apply)
      + logs                                        = false
      + must_run                                    = true
      + name                                        = "my-node-container"
      + network_data                                = (known after apply)
      + read_only                                   = false
      + remove_volumes                              = true
      + restart                                     = "no"
      + rm                                          = false
      + runtime                                     = (known after apply)
      + security_opts                               = (known after apply)
      + shm_size                                    = (known after apply)
      + start                                       = true
      + stdin_open                                  = false
      + stop_signal                                 = (known after apply)
      + stop_timeout                                = (known after apply)
      + tty                                         = false
      + wait                                        = false
      + wait_timeout                                = 60

      + healthcheck (known after apply)

      + labels (known after apply)

      + ports {
          + external = 3000
          + internal = 3000
          + ip       = "0.0.0.0"
          + protocol = "tcp"
        }
    }

  # docker_image.node_app will be created
  + resource "docker_image" "node_app" {
      + id           = (known after apply)
      + image_id     = (known after apply)
      + keep_locally = true
      + name         = "my-node-app"
      + repo_digest  = (known after apply)

      + build {
          + cache_from     = []
          + context        = "./"
          + dockerfile     = "Dockerfile"
          + extra_hosts    = []
          + no_cache       = true
          + remove         = true
          + security_opt   = []
          + tag            = []
            # (11 unchanged attributes hidden)
        }
    }

Plan: 2 to add, 0 to change, 0 to destroy.

Changes to Outputs:
  + container_id = (known after apply)

Do you want to perform these actions?
  Terraform will perform the actions described above.
  Only 'yes' will be accepted to approve.

  Enter a value: yes

docker_image.node_app: Creating...
╷
│ Error: failed to read dockerfile: unexpected EOF
│
│
│
│   with docker_image.node_app,
│   on main.tf line 14, in resource "docker_image" "node_app":
│   14: resource "docker_image" "node_app" {
│
╵